// !$*UTF8*$!
{
	archiveVersion = 1;
	classes = {
	};
	objectVersion = 50;
	objects = {

/* Begin PBXBuildFile section */
		983931B825EE9D9B00636CFF /* AppDelegate.swift in Sources */ = {isa = PBXBuildFile; fileRef = 983931B725EE9D9B00636CFF /* AppDelegate.swift */; };
		983931BA25EE9D9B00636CFF /* SceneDelegate.swift in Sources */ = {isa = PBXBuildFile; fileRef = 983931B925EE9D9B00636CFF /* SceneDelegate.swift */; };
		983931BF25EE9D9B00636CFF /* Main.storyboard in Resources */ = {isa = PBXBuildFile; fileRef = 983931BD25EE9D9B00636CFF /* Main.storyboard */; };
		983931C125EE9D9D00636CFF /* Assets.xcassets in Resources */ = {isa = PBXBuildFile; fileRef = 983931C025EE9D9D00636CFF /* Assets.xcassets */; };
		983931C425EE9D9D00636CFF /* LaunchScreen.storyboard in Resources */ = {isa = PBXBuildFile; fileRef = 983931C225EE9D9D00636CFF /* LaunchScreen.storyboard */; };
		98824F7025F676590059F59B /* TodoListViewController.swift in Sources */ = {isa = PBXBuildFile; fileRef = 98824F6F25F676590059F59B /* TodoListViewController.swift */; };
		98824F7325F676910059F59B /* Todo.swift in Sources */ = {isa = PBXBuildFile; fileRef = 98824F7225F676910059F59B /* Todo.swift */; };
		98824F7625F676A60059F59B /* Storage.swift in Sources */ = {isa = PBXBuildFile; fileRef = 98824F7525F676A60059F59B /* Storage.swift */; };
/* End PBXBuildFile section */

/* Begin PBXFileReference section */
		983931B425EE9D9B00636CFF /* 2021 Monthly Project March.app */ = {isa = PBXFileReference; explicitFileType = wrapper.application; includeInIndex = 0; path = "2021 Monthly Project March.app"; sourceTree = BUILT_PRODUCTS_DIR; };
		983931B725EE9D9B00636CFF /* AppDelegate.swift */ = {isa = PBXFileReference; lastKnownFileType = sourcecode.swift; path = AppDelegate.swift; sourceTree = "<group>"; };
		983931B925EE9D9B00636CFF /* SceneDelegate.swift */ = {isa = PBXFileReference; lastKnownFileType = sourcecode.swift; path = SceneDelegate.swift; sourceTree = "<group>"; };
		983931BE25EE9D9B00636CFF /* Base */ = {isa = PBXFileReference; lastKnownFileType = file.storyboard; name = Base; path = Base.lproj/Main.storyboard; sourceTree = "<group>"; };
		983931C025EE9D9D00636CFF /* Assets.xcassets */ = {isa = PBXFileReference; lastKnownFileType = folder.assetcatalog; path = Assets.xcassets; sourceTree = "<group>"; };
		983931C325EE9D9D00636CFF /* Base */ = {isa = PBXFileReference; lastKnownFileType = file.storyboard; name = Base; path = Base.lproj/LaunchScreen.storyboard; sourceTree = "<group>"; };
		983931C525EE9D9D00636CFF /* Info.plist */ = {isa = PBXFileReference; lastKnownFileType = text.plist.xml; path = Info.plist; sourceTree = "<group>"; };
		98824F6F25F676590059F59B /* TodoListViewController.swift */ = {isa = PBXFileReference; lastKnownFileType = sourcecode.swift; path = TodoListViewController.swift; sourceTree = "<group>"; };
		98824F7225F676910059F59B /* Todo.swift */ = {isa = PBXFileReference; lastKnownFileType = sourcecode.swift; path = Todo.swift; sourceTree = "<group>"; };
		98824F7525F676A60059F59B /* Storage.swift */ = {isa = PBXFileReference; lastKnownFileType = sourcecode.swift; path = Storage.swift; sourceTree = "<group>"; };
/* End PBXFileReference section */

/* Begin PBXFrameworksBuildPhase section */
		983931B125EE9D9B00636CFF /* Frameworks */ = {
			isa = PBXFrameworksBuildPhase;
			buildActionMask = 2147483647;
			files = (
			);
			runOnlyForDeploymentPostprocessing = 0;
		};
/* End PBXFrameworksBuildPhase section */

/* Begin PBXGroup section */
		983931AB25EE9D9B00636CFF = {
			isa = PBXGroup;
			children = (
				983931B625EE9D9B00636CFF /* 2021 Monthly Project March */,
				983931B525EE9D9B00636CFF /* Products */,
			);
			sourceTree = "<group>";
		};
		983931B525EE9D9B00636CFF /* Products */ = {
			isa = PBXGroup;
			children = (
				983931B425EE9D9B00636CFF /* 2021 Monthly Project March.app */,
			);
			name = Products;
			sourceTree = "<group>";
		};
		983931B625EE9D9B00636CFF /* 2021 Monthly Project March */ = {
			isa = PBXGroup;
			children = (
				983931B725EE9D9B00636CFF /* AppDelegate.swift */,
				983931B925EE9D9B00636CFF /* SceneDelegate.swift */,
				983931BD25EE9D9B00636CFF /* Main.storyboard */,
				983931C025EE9D9D00636CFF /* Assets.xcassets */,
				983931C225EE9D9D00636CFF /* LaunchScreen.storyboard */,
				983931C525EE9D9D00636CFF /* Info.plist */,
				98824F7225F676910059F59B /* Todo.swift */,
				98824F6F25F676590059F59B /* TodoListViewController.swift */,
				98824F7525F676A60059F59B /* Storage.swift */,
			);
			path = "2021 Monthly Project March";
			sourceTree = "<group>";
		};
/* End PBXGroup section */

/* Begin PBXNativeTarget section */
		983931B325EE9D9B00636CFF /* 2021 Monthly Project March */ = {
			isa = PBXNativeTarget;
			buildConfigurationList = 983931C825EE9D9D00636CFF /* Build configuration list for PBXNativeTarget "2021 Monthly Project March" */;
			buildPhases = (
				983931B025EE9D9B00636CFF /* Sources */,
				983931B125EE9D9B00636CFF /* Frameworks */,
				983931B225EE9D9B00636CFF /* Resources */,
			);
			buildRules = (
			);
			dependencies = (
			);
			name = "2021 Monthly Project March";
			productName = "2021 Monthly Project March";
			productReference = 983931B425EE9D9B00636CFF /* 2021 Monthly Project March.app */;
			productType = "com.apple.product-type.application";
		};
/* End PBXNativeTarget section */

/* Begin PBXProject section */
		983931AC25EE9D9B00636CFF /* Project object */ = {
			isa = PBXProject;
			attributes = {
				LastSwiftUpdateCheck = 1240;
				LastUpgradeCheck = 1240;
				TargetAttributes = {
					983931B325EE9D9B00636CFF = {
						CreatedOnToolsVersion = 12.4;
					};
				};
			};
			buildConfigurationList = 983931AF25EE9D9B00636CFF /* Build configuration list for PBXProject "2021 Monthly Project March" */;
			compatibilityVersion = "Xcode 9.3";
			developmentRegion = en;
			hasScannedForEncodings = 0;
			knownRegions = (
				en,
				Base,
			);
			mainGroup = 983931AB25EE9D9B00636CFF;
			productRefGroup = 983931B525EE9D9B00636CFF /* Products */;
			projectDirPath = "";
			projectRoot = "";
			targets = (
				983931B325EE9D9B00636CFF /* 2021 Monthly Project March */,
			);
		};
/* End PBXProject section */

/* Begin PBXResourcesBuildPhase section */
		983931B225EE9D9B00636CFF /* Resources */ = {
			isa = PBXResourcesBuildPhase;
			buildActionMask = 2147483647;
			files = (
				983931C425EE9D9D00636CFF /* LaunchScreen.storyboard in Resources */,
				983931C125EE9D9D00636CFF /* Assets.xcassets in Resources */,
				983931BF25EE9D9B00636CFF /* Main.storyboard in Resources */,
			);
			runOnlyForDeploymentPostprocessing = 0;
		};
/* End PBXResourcesBuildPhase section */

/* Begin PBXSourcesBuildPhase section */
		983931B025EE9D9B00636CFF /* Sources */ = {
			isa = PBXSourcesBuildPhase;
			buildActionMask = 2147483647;
			files = (
				98824F7025F676590059F59B /* TodoListViewController.swift in Sources */,
				983931B825EE9D9B00636CFF /* AppDelegate.swift in Sources */,
				983931BA25EE9D9B00636CFF /* SceneDelegate.swift in Sources */,
				98824F7325F676910059F59B /* Todo.swift in Sources */,
				98824F7625F676A60059F59B /* Storage.swift in Sources */,
			);
			runOnlyForDeploymentPostprocessing = 0;
		};
/* End PBXSourcesBuildPhase section */

/* Begin PBXVariantGroup section */
		983931BD25EE9D9B00636CFF /* Main.storyboard */ = {
			isa = PBXVariantGroup;
			children = (
				983931BE25EE9D9B00636CFF /* Base */,
			);
			name = Main.storyboard;
			sourceTree = "<group>";
		};
		983931C225EE9D9D00636CFF /* LaunchScreen.storyboard */ = {
			isa = PBXVariantGroup;
			children = (
				983931C325EE9D9D00636CFF /* Base */,
			);
			name = LaunchScreen.storyboard;
			sourceTree = "<group>";
		};
/* End PBXVariantGroup section */

/* Begin XCBuildConfiguration section */
		983931C625EE9D9D00636CFF /* Debug */ = {
			isa = XCBuildConfiguration;
			buildSettings = {
				ALWAYS_SEARCH_USER_PATHS = NO;
				CLANG_ANALYZER_NONNULL = YES;
				CLANG_ANALYZER_NUMBER_OBJECT_CONVERSION = YES_AGGRESSIVE;
				CLANG_CXX_LANGUAGE_STANDARD = "gnu++14";
				CLANG_CXX_LIBRARY = "libc++";
				CLANG_ENABLE_MODULES = YES;
				CLANG_ENABLE_OBJC_ARC = YES;
				CLANG_ENABLE_OBJC_WEAK = YES;
				CLANG_WARN_BLOCK_CAPTURE_AUTORELEASING = YES;
				CLANG_WARN_BOOL_CONVERSION = YES;
				CLANG_WARN_COMMA = YES;
				CLANG_WARN_CONSTANT_CONVERSION = YES;
				CLANG_WARN_DEPRECATED_OBJC_IMPLEMENTATIONS = YES;
				CLANG_WARN_DIRECT_OBJC_ISA_USAGE = YES_ERROR;
				CLANG_WARN_DOCUMENTATION_COMMENTS = YES;
				CLANG_WARN_EMPTY_BODY = YES;
				CLANG_WARN_ENUM_CONVERSION = YES;
				CLANG_WARN_INFINITE_RECURSION = YES;
				CLANG_WARN_INT_CONVERSION = YES;
				CLANG_WARN_NON_LITERAL_NULL_CONVERSION = YES;
				CLANG_WARN_OBJC_IMPLICIT_RETAIN_SELF = YES;
				CLANG_WARN_OBJC_LITERAL_CONVERSION = YES;
				CLANG_WARN_OBJC_ROOT_CLASS = YES_ERROR;
				CLANG_WARN_QUOTED_INCLUDE_IN_FRAMEWORK_HEADER = YES;
				CLANG_WARN_RANGE_LOOP_ANALYSIS = YES;
				CLANG_WARN_STRICT_PROTOTYPES = YES;
				CLANG_WARN_SUSPICIOUS_MOVE = YES;
				CLANG_WARN_UNGUARDED_AVAILABILITY = YES_AGGRESSIVE;
				CLANG_WARN_UNREACHABLE_CODE = YES;
				CLANG_WARN__DUPLICATE_METHOD_MATCH = YES;
				COPY_PHASE_STRIP = NO;
				DEBUG_INFORMATION_FORMAT = dwarf;
				ENABLE_STRICT_OBJC_MSGSEND = YES;
				ENABLE_TESTABILITY = YES;
				GCC_C_LANGUAGE_STANDARD = gnu11;
				GCC_DYNAMIC_NO_PIC = NO;
				GCC_NO_COMMON_BLOCKS = YES;
				GCC_OPTIMIZATION_LEVEL = 0;
				GCC_PREPROCESSOR_DEFINITIONS = (
					"DEBUG=1",
					"$(inherited)",
				);
				GCC_WARN_64_TO_32_BIT_CONVERSION = YES;
				GCC_WARN_ABOUT_RETURN_TYPE = YES_ERROR;
				GCC_WARN_UNDECLARED_SELECTOR = YES;
				GCC_WARN_UNINITIALIZED_AUTOS = YES_AGGRESSIVE;
				GCC_WARN_UNUSED_FUNCTION = YES;
				GCC_WARN_UNUSED_VARIABLE = YES;
				IPHONEOS_DEPLOYMENT_TARGET = 14.4;
				MTL_ENABLE_DEBUG_INFO = INCLUDE_SOURCE;
				MTL_FAST_MATH = YES;
				ONLY_ACTIVE_ARCH = YES;
				SDKROOT = iphoneos;
				SWIFT_ACTIVE_COMPILATION_CONDITIONS = DEBUG;
				SWIFT_OPTIMIZATION_LEVEL = "-Onone";
			};
			name = Debug;
		};
		983931C725EE9D9D00636CFF /* Release */ = {
			isa = XCBuildConfiguration;
			buildSettings = {
				ALWAYS_SEARCH_USER_PATHS = NO;
				CLANG_ANALYZER_NONNULL = YES;
				CLANG_ANALYZER_NUMBER_OBJECT_CONVERSION = YES_AGGRESSIVE;
				CLANG_CXX_LANGUAGE_STANDARD = "gnu++14";
				CLANG_CXX_LIBRARY = "libc++";
				CLANG_ENABLE_MODULES = YES;
				CLANG_ENABLE_OBJC_ARC = YES;
				CLANG_ENABLE_OBJC_WEAK = YES;
				CLANG_WARN_BLOCK_CAPTURE_AUTORELEASING = YES;
				CLANG_WARN_BOOL_CONVERSION = YES;
				CLANG_WARN_COMMA = YES;
				CLANG_WARN_CONSTANT_CONVERSION = YES;
				CLANG_WARN_DEPRECATED_OBJC_IMPLEMENTATIONS = YES;
				CLANG_WARN_DIRECT_OBJC_ISA_USAGE = YES_ERROR;
				CLANG_WARN_DOCUMENTATION_COMMENTS = YES;
				CLANG_WARN_EMPTY_BODY = YES;
				CLANG_WARN_ENUM_CONVERSION = YES;
				CLANG_WARN_INFINITE_RECURSION = YES;
				CLANG_WARN_INT_CONVERSION = YES;
				CLANG_WARN_NON_LITERAL_NULL_CONVERSION = YES;
				CLANG_WARN_OBJC_IMPLICIT_RETAIN_SELF = YES;
				CLANG_WARN_OBJC_LITERAL_CONVERSION = YES;
				CLANG_WARN_OBJC_ROOT_CLASS = YES_ERROR;
				CLANG_WARN_QUOTED_INCLUDE_IN_FRAMEWORK_HEADER = YES;
				CLANG_WARN_RANGE_LOOP_ANALYSIS = YES;
				CLANG_WARN_STRICT_PROTOTYPES = YES;
				CLANG_WARN_SUSPICIOUS_MOVE = YES;
				CLANG_WARN_UNGUARDED_AVAILABILITY = YES_AGGRESSIVE;
				CLANG_WARN_UNREACHABLE_CODE = YES;
				CLANG_WARN__DUPLICATE_METHOD_MATCH = YES;
				COPY_PHASE_STRIP = NO;
				DEBUG_INFORMATION_FORMAT = "dwarf-with-dsym";
				ENABLE_NS_ASSERTIONS = NO;
				ENABLE_STRICT_OBJC_MSGSEND = YES;
				GCC_C_LANGUAGE_STANDARD = gnu11;
				GCC_NO_COMMON_BLOCKS = YES;
				GCC_WARN_64_TO_32_BIT_CONVERSION = YES;
				GCC_WARN_ABOUT_RETURN_TYPE = YES_ERROR;
				GCC_WARN_UNDECLARED_SELECTOR = YES;
				GCC_WARN_UNINITIALIZED_AUTOS = YES_AGGRESSIVE;
				GCC_WARN_UNUSED_FUNCTION = YES;
				GCC_WARN_UNUSED_VARIABLE = YES;
				IPHONEOS_DEPLOYMENT_TARGET = 14.4;
				MTL_ENABLE_DEBUG_INFO = NO;
				MTL_FAST_MATH = YES;
				SDKROOT = iphoneos;
				SWIFT_COMPILATION_MODE = wholemodule;
				SWIFT_OPTIMIZATION_LEVEL = "-O";
				VALIDATE_PRODUCT = YES;
			};
			name = Release;
		};
		983931C925EE9D9D00636CFF /* Debug */ = {
			isa = XCBuildConfiguration;
			buildSettings = {
				ASSETCATALOG_COMPILER_APPICON_NAME = AppIcon;
				ASSETCATALOG_COMPILER_GLOBAL_ACCENT_COLOR_NAME = AccentColor;
				CODE_SIGN_STYLE = Automatic;
				INFOPLIST_FILE = "2021 Monthly Project March/Info.plist";
				LD_RUNPATH_SEARCH_PATHS = (
					"$(inherited)",
					"@executable_path/Frameworks",
				);
				PRODUCT_BUNDLE_IDENTIFIER = "yoonjong.-021-Monthly-Project-March";
				PRODUCT_NAME = "$(TARGET_NAME)";
				SWIFT_VERSION = 5.0;
				TARGETED_DEVICE_FAMILY = "1,2";
			};
			name = Debug;
		};
		983931CA25EE9D9D00636CFF /* Release */ = {
			isa = XCBuildConfiguration;
			buildSettings = {
				ASSETCATALOG_COMPILER_APPICON_NAME = AppIcon;
				ASSETCATALOG_COMPILER_GLOBAL_ACCENT_COLOR_NAME = AccentColor;
				CODE_SIGN_STYLE = Automatic;
				INFOPLIST_FILE = "2021 Monthly Project March/Info.plist";
				LD_RUNPATH_SEARCH_PATHS = (
					"$(inherited)",
					"@executable_path/Frameworks",
				);
				PRODUCT_BUNDLE_IDENTIFIER = "yoonjong.-021-Monthly-Project-March";
				PRODUCT_NAME = "$(TARGET_NAME)";
				SWIFT_VERSION = 5.0;
				TARGETED_DEVICE_FAMILY = "1,2";
			};
			name = Release;
		};
/* End XCBuildConfiguration section */

/* Begin XCConfigurationList section */
		983931AF25EE9D9B00636CFF /* Build configuration list for PBXProject "2021 Monthly Project March" */ = {
			isa = XCConfigurationList;
			buildConfigurations = (
				983931C625EE9D9D00636CFF /* Debug */,
				983931C725EE9D9D00636CFF /* Release */,
			);
			defaultConfigurationIsVisible = 0;
			defaultConfigurationName = Release;
		};
		983931C825EE9D9D00636CFF /* Build configuration list for PBXNativeTarget "2021 Monthly Project March" */ = {
			isa = XCConfigurationList;
			buildConfigurations = (
				983931C925EE9D9D00636CFF /* Debug */,
				983931CA25EE9D9D00636CFF /* Release */,
			);
			defaultConfigurationIsVisible = 0;
			defaultConfigurationName = Release;
		};
/* End XCConfigurationList section */
	};
	rootObject = 983931AC25EE9D9B00636CFF /* Project object */;
}
